// !$*UTF8*$!
{
	archiveVersion = 1;
	classes = {
	};
	objectVersion = 56;
	objects = {

/* Begin PBXBuildFile section */
		8B4FA03C2D9E5F67B1C2D3E4 /* PLUG/Core/BalanceUnit.swift in Sources */ = {isa = PBXBuildFile; fileRef = 7A3E9F2B1C8D4E56A0B1C2D3 /* PLUG/Core/BalanceUnit.swift */; };
		00CFB42040364F22B48FA7D4 /* PLUG/Core/Bitcoin/SpendManager.swift in Sources */ = {isa = PBXBuildFile; fileRef = 83AC242C744243288CE2FF43 /* PLUG/Core/Bitcoin/SpendManager.swift */; };
		0125621986D82555A44C63DB /* BlockDurationPicker.swift in Sources */ = {isa = PBXBuildFile; fileRef = A407FE6284EB3CC477B1D716 /* BlockDurationPicker.swift */; };
		020A7B84E10843828A3B1762 /* PLUG/ViewModels/HTLCVM.swift in Sources */ = {isa = PBXBuildFile; fileRef = 42A63DBA14DE40A08874D989 /* PLUG/ViewModels/HTLCVM.swift */; };
		06C4A226DAE149678E041B80 /* PLUG/Core/Bitcoin/PSBTBuilder.swift in Sources */ = {isa = PBXBuildFile; fileRef = 2585F52F00384540A9ED260B /* PLUG/Core/Bitcoin/PSBTBuilder.swift */; };
		0717CE1392EB47B5BECB8A31 /* PLUG/Core/Bitcoin/PaymentChannel.swift in Sources */ = {isa = PBXBuildFile; fileRef = 167C53634494444EAA10CCDE /* PLUG/Core/Bitcoin/PaymentChannel.swift */; };
		0BDF145A671342398662AFF5 /* PLUG/Core/Bitcoin/Secp256k1.swift in Sources */ = {isa = PBXBuildFile; fileRef = 797D5492187443319629F3A1 /* PLUG/Core/Bitcoin/Secp256k1.swift */; };
		0D4845A5D34346A488323ECB /* PLUG/ViewModels/InheritanceVM.swift in Sources */ = {isa = PBXBuildFile; fileRef = BDA078E2B10E406096D58C0F /* PLUG/ViewModels/InheritanceVM.swift */; };
		10FCAF1D894B45216C0D03B5 /* PlugHeader.swift in Sources */ = {isa = PBXBuildFile; fileRef = 6A64D455F12FF9A2C8FA2497 /* PlugHeader.swift */; };
		16F63862FFE4499BA1B6567D /* PLUG/Views/ChannelView.swift in Sources */ = {isa = PBXBuildFile; fileRef = 51795899F8E24918A9F82E1A /* PLUG/Views/ChannelView.swift */; };
		1BE563E737F2437D98AF0C0E /* PLUG/Core/Network/NetworkConfig.swift in Sources */ = {isa = PBXBuildFile; fileRef = FEC430D148544643A9A746D5 /* PLUG/Core/Network/NetworkConfig.swift */; };
		1DE6C32E3EEE4899BD09EF8E /* PLUG/Core/Bitcoin/ScriptBuilder.swift in Sources */ = {isa = PBXBuildFile; fileRef = 129ED9B211F84620A3BD6400 /* PLUG/Core/Bitcoin/ScriptBuilder.swift */; };
		207C805B24CE4D549D1A69FB /* PLUG/Views/WalletView.swift in Sources */ = {isa = PBXBuildFile; fileRef = D43439F0925B47D9887979A8 /* PLUG/Views/WalletView.swift */; };
		2461B4BEC79F4B73AD86B78E /* PLUG/Core/Bitcoin/MuSig2.swift in Sources */ = {isa = PBXBuildFile; fileRef = 35E1EE9440934813824E6DCC /* PLUG/Core/Bitcoin/MuSig2.swift */; };
		32855C550DA14DE4B6B290ED /* PLUG/Core/Storage/BalanceCache.swift in Sources */ = {isa = PBXBuildFile; fileRef = 1C9C5C31F3974738BA667A84 /* PLUG/Core/Storage/BalanceCache.swift */; };
		33E0E899CFA54702B8C674E7 /* PLUG/Core/Bitcoin/Consolidation.swift in Sources */ = {isa = PBXBuildFile; fileRef = 0596CC81D9A94D0C947597A3 /* PLUG/Core/Bitcoin/Consolidation.swift */; };
		36AE7487263E463CBD1040B7 /* PLUG/ViewModels/BackupVM.swift in Sources */ = {isa = PBXBuildFile; fileRef = 305D7B19CAC343CF91A704E0 /* PLUG/ViewModels/BackupVM.swift */; };
		379C9F920AB442A5A6C90933 /* PLUG/ViewModels/VaultVM.swift in Sources */ = {isa = PBXBuildFile; fileRef = E04387B9381A48B69FA5213E /* PLUG/ViewModels/VaultVM.swift */; };
		3A5C51538AAB478BA541DF82 /* PLUG/ViewModels/WalletVM.swift in Sources */ = {isa = PBXBuildFile; fileRef = 37A930D932D44FCD997B2341 /* PLUG/ViewModels/WalletVM.swift */; };
		3B8CD0360F42400C8F43E6EA /* PLUG/Core/Bitcoin/CoinSelection.swift in Sources */ = {isa = PBXBuildFile; fileRef = 803DC3F17DDC4CFF9EE83329 /* PLUG/Core/Bitcoin/CoinSelection.swift */; };
		3F333E456137E94AAA55253D /* ContractCreatedSheet.swift in Sources */ = {isa = PBXBuildFile; fileRef = C0380AE678FAC82C6BFC889D /* ContractCreatedSheet.swift */; };
		408A23193D5F4331A17F45C0 /* PLUG/Views/OpReturnView.swift in Sources */ = {isa = PBXBuildFile; fileRef = D90C526206F64436A492A1CF /* PLUG/Views/OpReturnView.swift */; };
		4514BF61BAD7464A9CBDF412 /* PLUG/Views/VaultView.swift in Sources */ = {isa = PBXBuildFile; fileRef = D1A783BF0EF943799E191B60 /* PLUG/Views/VaultView.swift */; };
		4669F37AF23C43A9AEF6B579 /* PLUG/Core/Bitcoin/Bech32.swift in Sources */ = {isa = PBXBuildFile; fileRef = 48A6B14304204432B6064973 /* PLUG/Core/Bitcoin/Bech32.swift */; };
		467073F5ED7647BF9368014C /* PLUG/Views/HomeView.swift in Sources */ = {isa = PBXBuildFile; fileRef = 45F504D3A8F348F9B2F6807E /* PLUG/Views/HomeView.swift */; };
		4C3CEA6FC45E468BAF48902C /* PLUG/ViewModels/SettingsVM.swift in Sources */ = {isa = PBXBuildFile; fileRef = E59436B3F3FD4201B2146A21 /* PLUG/ViewModels/SettingsVM.swift */; };
		4C7886E31BBA4F9BBCA849BE /* PLUG/Core/Storage/TxLabelStore.swift in Sources */ = {isa = PBXBuildFile; fileRef = C0B453F732964C1F80467094 /* PLUG/Core/Storage/TxLabelStore.swift */; };
		526B750C93204332954F061A /* PLUG/Views/LedgerView.swift in Sources */ = {isa = PBXBuildFile; fileRef = 3F611B15984D4BCB9F127B0F /* PLUG/Views/LedgerView.swift */; };
		559118ABCCE445299729B3E2 /* PLUG/Core/Bitcoin/FeeBumping.swift in Sources */ = {isa = PBXBuildFile; fileRef = E2AE3A171EB843FE8CBBB1CE /* PLUG/Core/Bitcoin/FeeBumping.swift */; };
		5AEB3232E67243D9A5EE2791 /* PLUG/ViewModels/HomeVM.swift in Sources */ = {isa = PBXBuildFile; fileRef = CCFE9E5776564F7A82315693 /* PLUG/ViewModels/HomeVM.swift */; };
		5EED7F7DEF67485BAE1CF0FE /* PLUG/Views/ScriptEditorView.swift in Sources */ = {isa = PBXBuildFile; fileRef = 1C400DA3806B4A1083E905D4 /* PLUG/Views/ScriptEditorView.swift */; };
		5FF57AFFAFE343C49EA3F70B /* PLUG/Core/Storage/BiometricStore.swift in Sources */ = {isa = PBXBuildFile; fileRef = 2B233F55E61F41E2A2AFF92C /* PLUG/Core/Storage/BiometricStore.swift */; };
		61CE0A4769824CA9A000E7BB /* PLUG/Core/Network/MempoolAPI.swift in Sources */ = {isa = PBXBuildFile; fileRef = 304B41F658074449BE595E5B /* PLUG/Core/Network/MempoolAPI.swift */; };
		67A2C0312B2B458C8D4A73D6 /* PLUG/Core/Storage/KeychainStore.swift in Sources */ = {isa = PBXBuildFile; fileRef = 9AF2F6D1B9C84EDA908F12B4 /* PLUG/Core/Storage/KeychainStore.swift */; };
		69AF41D335EA4CA1A5EE0F6A /* PLUG/ViewModels/ScriptVM.swift in Sources */ = {isa = PBXBuildFile; fileRef = 31ABECE5C09B45068D526264 /* PLUG/ViewModels/ScriptVM.swift */; };
		6DF4428FCE594D8191263AC3 /* PLUG/Core/Bitcoin/RIPEMD160.swift in Sources */ = {isa = PBXBuildFile; fileRef = 48A2530B98124DABA6797E31 /* PLUG/Core/Bitcoin/RIPEMD160.swift */; };
		7151EAA2C92B4615B540AB3A /* PLUG/Core/Bitcoin/TaprootBuilder.swift in Sources */ = {isa = PBXBuildFile; fileRef = 68FC2A1999E54099BD5E9E75 /* PLUG/Core/Bitcoin/TaprootBuilder.swift */; };
		7BD2C6EFF3BD47B094E2F726 /* PLUG/Views/AddressBookView.swift in Sources */ = {isa = PBXBuildFile; fileRef = 688C3AA31D894CC18E1C31D9 /* PLUG/Views/AddressBookView.swift */; };
		7DFAFF013F134123951FB562 /* PLUG/Assets/Assets.xcassets in Resources */ = {isa = PBXBuildFile; fileRef = A683E7B0DA204321AF79BB83 /* PLUG/Assets/Assets.xcassets */; };
		7F2011ED88354CA282177BFE /* PLUG/Core/Ledger/LedgerManager.swift in Sources */ = {isa = PBXBuildFile; fileRef = 81F6A0BBADF64A19ACC177F7 /* PLUG/Core/Ledger/LedgerManager.swift */; };
		8241FADBED484B6F929586C7 /* PLUG/Core/Ledger/LedgerProtocolV2.swift in Sources */ = {isa = PBXBuildFile; fileRef = BBA8025746014E7899930816 /* PLUG/Core/Ledger/LedgerProtocolV2.swift */; };
		862E1EFF48F74F14B0315B0B /* PLUG/Core/Bitcoin/KeyDerivation.swift in Sources */ = {isa = PBXBuildFile; fileRef = F9105F5B315443E1B2A3D108 /* PLUG/Core/Bitcoin/KeyDerivation.swift */; };
		8B7FDF38B0964688BE97A4D3 /* PLUG/Views/PoolView.swift in Sources */ = {isa = PBXBuildFile; fileRef = 1A884B446CE2440CB1907750 /* PLUG/Views/PoolView.swift */; };
		LEARN001B0000000000000002 /* PLUG/Views/LearnView.swift in Sources */ = {isa = PBXBuildFile; fileRef = LEARN001A0000000000000001 /* PLUG/Views/LearnView.swift */; };
		COINJN03B000000000000002 /* PLUG/Views/CoinJoinView.swift in Sources */ = {isa = PBXBuildFile; fileRef = COINJN03A000000000000001 /* PLUG/Views/CoinJoinView.swift */; };
		COINJN02B000000000000002 /* PLUG/ViewModels/CoinJoinVM.swift in Sources */ = {isa = PBXBuildFile; fileRef = COINJN02A000000000000001 /* PLUG/ViewModels/CoinJoinVM.swift */; };
		COINJN01B000000000000002 /* PLUG/Core/Bitcoin/CoinJoin.swift in Sources */ = {isa = PBXBuildFile; fileRef = COINJN01A000000000000001 /* PLUG/Core/Bitcoin/CoinJoin.swift */; };
		LEDGERVM0B000000000000001 /* PLUG/ViewModels/LedgerVM.swift in Sources */ = {isa = PBXBuildFile; fileRef = 23BDB1B24B184A1B9E6A52DF /* PLUG/ViewModels/LedgerVM.swift */; };
		KEYIDX01B000000000000002 /* PLUG/Views/KeyIndexPicker.swift in Sources */ = {isa = PBXBuildFile; fileRef = KEYIDX01A000000000000001 /* PLUG/Views/KeyIndexPicker.swift */; };
		918B15C8A430427CB0B32032 /* PLUG/Views/OnboardingView.swift in Sources */ = {isa = PBXBuildFile; fileRef = D4EBADE241CD43C3899BBF2A /* PLUG/Views/OnboardingView.swift */; };
		9265C6221BE14A73A788C1A6 /* PLUG/Views/InheritanceView.swift in Sources */ = {isa = PBXBuildFile; fileRef = 076420C949DA47D0AD5D755B /* PLUG/Views/InheritanceView.swift */; };
		93E29DCF1B3C4D3DA88A5D5B /* PLUG/ViewModels/OpReturnVM.swift in Sources */ = {isa = PBXBuildFile; fileRef = 6FF7B4BC7F964333865FCE8D /* PLUG/ViewModels/OpReturnVM.swift */; };
		94DD5D71A1454D36A507B166 /* PLUG/Core/Storage/BroadcastQueue.swift in Sources */ = {isa = PBXBuildFile; fileRef = D0DA97C15BF345878B198C42 /* PLUG/Core/Storage/BroadcastQueue.swift */; };
		98F439E5AB71480D8E596A09 /* PLUG/Views/HTLCView.swift in Sources */ = {isa = PBXBuildFile; fileRef = 3D23BF30901F4A0999486DFB /* PLUG/Views/HTLCView.swift */; };
		9EC569D90B69092C952C32D3 /* libsecp256k1 in Frameworks */ = {isa = PBXBuildFile; productRef = 338C672623FB6D7C79875C0B /* libsecp256k1 */; };
		A87D6DE7D490438E92E4D568 /* PLUG/Core/Ledger/LedgerProtocol.swift in Sources */ = {isa = PBXBuildFile; fileRef = C4238C941CF547CBB5A7B532 /* PLUG/Core/Ledger/LedgerProtocol.swift */; };
		A99297F24B67495290C5EFE0 /* PLUG/Core/Bitcoin/Crypto.swift in Sources */ = {isa = PBXBuildFile; fileRef = 2BFE720EA255476A9E7A6967 /* PLUG/Core/Bitcoin/Crypto.swift */; };
		AB8C85327A4941A58A367812 /* PLUG/Models/Models.swift in Sources */ = {isa = PBXBuildFile; fileRef = 75731786685843199FFC88B3 /* PLUG/Models/Models.swift */; };
		AC388A292D52D40EC6C9D858 /* ContractSigner.swift in Sources */ = {isa = PBXBuildFile; fileRef = A9E19A67CE12B403917993E5 /* ContractSigner.swift */; };
		AE8906734E124AE6977254E1 /* PLUG/Core/Storage/AddressBook.swift in Sources */ = {isa = PBXBuildFile; fileRef = 2FF9582133F94D54B8EB2C88 /* PLUG/Core/Storage/AddressBook.swift */; };
		B2B8CA73C1FD41FFB31B09EE /* PLUG/Core/Storage/FrozenUTXOStore.swift in Sources */ = {isa = PBXBuildFile; fileRef = 02321F0298FC47929A895DEF /* PLUG/Core/Storage/FrozenUTXOStore.swift */; };
		BAD331A86F5A4FC19AF10D6D /* PLUG/Core/Network/TorConfig.swift in Sources */ = {isa = PBXBuildFile; fileRef = 9CB27DF542C646A09821F3A2 /* PLUG/Core/Network/TorConfig.swift */; };
		C55C8F633F3547BDA290FCF1 /* PLUG/Core/Storage/ContractStore.swift in Sources */ = {isa = PBXBuildFile; fileRef = 3B82807B07804640B0EE0CEA /* PLUG/Core/Storage/ContractStore.swift */; };
		C90D5BAD68B94EA6B358A327 /* PLUG/Core/Ledger/LedgerSigningV2.swift in Sources */ = {isa = PBXBuildFile; fileRef = DB32A89F415A45D68D854856 /* PLUG/Core/Ledger/LedgerSigningV2.swift */; };
		CBE7D0DD097744558D5E23CF /* PLUG/Core/Bitcoin/OpReturn.swift in Sources */ = {isa = PBXBuildFile; fileRef = EB07BC9029134FCCB6DC44AF /* PLUG/Core/Bitcoin/OpReturn.swift */; };
		CC3596CA1AB3489391F69134 /* PLUG/ViewModels/PoolVM.swift in Sources */ = {isa = PBXBuildFile; fileRef = DFB459EAC1FD4DE5A6ABE280 /* PLUG/ViewModels/PoolVM.swift */; };
		CCF6A9139CE443CF852FD659 /* PLUG/Core/Bitcoin/Miniscript.swift in Sources */ = {isa = PBXBuildFile; fileRef = 40BAB247172247409516A81F /* PLUG/Core/Bitcoin/Miniscript.swift */; };
		CD15BA073DC340A09F1CD507 /* PLUG/ViewModels/ChannelVM.swift in Sources */ = {isa = PBXBuildFile; fileRef = 8CF20C6E47FF41FB9B126797 /* PLUG/ViewModels/ChannelVM.swift */; };
		D1F5C73B647A4DA6A7220022 /* PLUG/Views/BackupView.swift in Sources */ = {isa = PBXBuildFile; fileRef = 785505D4169E4E659C5E19E5 /* PLUG/Views/BackupView.swift */; };
		D2566F52C78845BA9AC520D4 /* PLUG/Core/Bitcoin/HTLC.swift in Sources */ = {isa = PBXBuildFile; fileRef = FCA41D42C13747888BF859E3 /* PLUG/Core/Bitcoin/HTLC.swift */; };
		D8F2C6A4E71B43509B8E27A1 /* PLUG/Core/ContractSpendCoordinator.swift in Sources */ = {isa = PBXBuildFile; fileRef = B7E4A31D5C9F48E2A1D063F8 /* PLUG/Core/ContractSpendCoordinator.swift */; };
		DA9C282C94834E7DB86240DA /* PLUG/PLUGApp.swift in Sources */ = {isa = PBXBuildFile; fileRef = FAA9890C5BA44689B59981B5 /* PLUG/PLUGApp.swift */; };
		DC680A159B6D4359B707EE4B /* PLUG/Core/Bitcoin/Crowdfund.swift in Sources */ = {isa = PBXBuildFile; fileRef = 7F727AADD71041AB8766F16C /* PLUG/Core/Bitcoin/Crowdfund.swift */; };
		E442AF81A7F84FA39F17E0E1 /* PLUG/Core/Network/WebSocketManager.swift in Sources */ = {isa = PBXBuildFile; fileRef = 94035B9D72C74D28AA9EEA08 /* PLUG/Core/Network/WebSocketManager.swift */; };
		E4D1E371898640F9B5914DA0 /* PLUG/Core/Storage/BIP329Labels.swift in Sources */ = {isa = PBXBuildFile; fileRef = 1818831F5C3E4F578B779D4A /* PLUG/Core/Storage/BIP329Labels.swift */; };
		F21F025938B546BEB40DDC12 /* PLUG/Views/SettingsView.swift in Sources */ = {isa = PBXBuildFile; fileRef = 87D26F8A2AE4454AA4F9912C /* PLUG/Views/SettingsView.swift */; };
		F24911BF850F44F7958E041D /* PLUG/Core/Bitcoin/BatchSend.swift in Sources */ = {isa = PBXBuildFile; fileRef = 33D2076012C748678790F1B3 /* PLUG/Core/Bitcoin/BatchSend.swift */; };
		FF2EA09FF4AB4429817ED849 /* PLUG/Core/Network/BlockFilterService.swift in Sources */ = {isa = PBXBuildFile; fileRef = 20FBB8C99E144C30837CCBBB /* PLUG/Core/Network/BlockFilterService.swift */; };
		D0FF437173F8D0E66EDE3E8B /* PLUG/ViewModels/ContractBubbleVM.swift in Sources */ = {isa = PBXBuildFile; fileRef = 2161BE908FAD623D7B9F37A8 /* PLUG/ViewModels/ContractBubbleVM.swift */; };
		21182FC298E64EE98B5B8C54 /* PLUG/Views/BubbleMapView.swift in Sources */ = {isa = PBXBuildFile; fileRef = C142667BE8C9988E7B03E78B /* PLUG/Views/BubbleMapView.swift */; };
		CC4D1C56B0E1034A36DE1CC1 /* AtomicSwap.swift in Sources */ = {isa = PBXBuildFile; fileRef = DA057E02BCB612E512E72769 /* AtomicSwap.swift */; };
		5CEDFC818BED984F457715D7 /* AtomicSwapVM.swift in Sources */ = {isa = PBXBuildFile; fileRef = DEF337520C5ADE3F4C8487DF /* AtomicSwapVM.swift */; };
		E6348742CDBDDAC7E6D46C54 /* AtomicSwapView.swift in Sources */ = {isa = PBXBuildFile; fileRef = 2002476AD56BDC0DFB16C462 /* AtomicSwapView.swift */; };
		5317DF9A4DA1D1D00A2741E5 /* QRScannerView.swift in Sources */ = {isa = PBXBuildFile; fileRef = 89C612E03CBC58E25E56C315 /* QRScannerView.swift */; };
		401EED307652255B45874971 /* UTXOManagerView.swift in Sources */ = {isa = PBXBuildFile; fileRef = CEEE822D59C0C5B199FADA4A /* UTXOManagerView.swift */; };
		FE6988A2D35DF5DA0B2FB01C /* TorManager.swift in Sources */ = {isa = PBXBuildFile; fileRef = 86A32D30DB27693279DFD1D1 /* TorManager.swift */; };
		94DD291F5199230F00AC4C13 /* PlugTor.xcframework in Frameworks */ = {isa = PBXBuildFile; fileRef = DACBAFB39E7B63F507CB8BFA /* PlugTor.xcframework */; };
/* End PBXBuildFile section */

/* Begin PBXFileReference section */
		02321F0298FC47929A895DEF /* PLUG/Core/Storage/FrozenUTXOStore.swift */ = {isa = PBXFileReference; lastKnownFileType = sourcecode.swift; path = PLUG/Core/Storage/FrozenUTXOStore.swift; sourceTree = SOURCE_ROOT; };
		0596CC81D9A94D0C947597A3 /* PLUG/Core/Bitcoin/Consolidation.swift */ = {isa = PBXFileReference; lastKnownFileType = sourcecode.swift; path = PLUG/Core/Bitcoin/Consolidation.swift; sourceTree = SOURCE_ROOT; };
		076420C949DA47D0AD5D755B /* PLUG/Views/InheritanceView.swift */ = {isa = PBXFileReference; lastKnownFileType = sourcecode.swift; path = PLUG/Views/InheritanceView.swift; sourceTree = SOURCE_ROOT; };
		129ED9B211F84620A3BD6400 /* PLUG/Core/Bitcoin/ScriptBuilder.swift */ = {isa = PBXFileReference; lastKnownFileType = sourcecode.swift; path = PLUG/Core/Bitcoin/ScriptBuilder.swift; sourceTree = SOURCE_ROOT; };
		167C53634494444EAA10CCDE /* PLUG/Core/Bitcoin/PaymentChannel.swift */ = {isa = PBXFileReference; lastKnownFileType = sourcecode.swift; path = PLUG/Core/Bitcoin/PaymentChannel.swift; sourceTree = SOURCE_ROOT; };
		1818831F5C3E4F578B779D4A /* PLUG/Core/Storage/BIP329Labels.swift */ = {isa = PBXFileReference; lastKnownFileType = sourcecode.swift; path = PLUG/Core/Storage/BIP329Labels.swift; sourceTree = SOURCE_ROOT; };
		1A884B446CE2440CB1907750 /* PLUG/Views/PoolView.swift */ = {isa = PBXFileReference; lastKnownFileType = sourcecode.swift; path = PLUG/Views/PoolView.swift; sourceTree = SOURCE_ROOT; };
		LEARN001A0000000000000001 /* PLUG/Views/LearnView.swift */ = {isa = PBXFileReference; lastKnownFileType = sourcecode.swift; path = PLUG/Views/LearnView.swift; sourceTree = SOURCE_ROOT; };
		COINJN03A000000000000001 /* PLUG/Views/CoinJoinView.swift */ = {isa = PBXFileReference; lastKnownFileType = sourcecode.swift; path = PLUG/Views/CoinJoinView.swift; sourceTree = SOURCE_ROOT; };
		COINJN02A000000000000001 /* PLUG/ViewModels/CoinJoinVM.swift */ = {isa = PBXFileReference; lastKnownFileType = sourcecode.swift; path = PLUG/ViewModels/CoinJoinVM.swift; sourceTree = SOURCE_ROOT; };
		COINJN01A000000000000001 /* PLUG/Core/Bitcoin/CoinJoin.swift */ = {isa = PBXFileReference; lastKnownFileType = sourcecode.swift; path = PLUG/Core/Bitcoin/CoinJoin.swift; sourceTree = SOURCE_ROOT; };
		KEYIDX01A000000000000001 /* PLUG/Views/KeyIndexPicker.swift */ = {isa = PBXFileReference; lastKnownFileType = sourcecode.swift; path = PLUG/Views/KeyIndexPicker.swift; sourceTree = SOURCE_ROOT; };
		1C400DA3806B4A1083E905D4 /* PLUG/Views/ScriptEditorView.swift */ = {isa = PBXFileReference; lastKnownFileType = sourcecode.swift; path = PLUG/Views/ScriptEditorView.swift; sourceTree = SOURCE_ROOT; };
		1C9C5C31F3974738BA667A84 /* PLUG/Core/Storage/BalanceCache.swift */ = {isa = PBXFileReference; lastKnownFileType = sourcecode.swift; path = PLUG/Core/Storage/BalanceCache.swift; sourceTree = SOURCE_ROOT; };
		20FBB8C99E144C30837CCBBB /* PLUG/Core/Network/BlockFilterService.swift */ = {isa = PBXFileReference; lastKnownFileType = sourcecode.swift; path = PLUG/Core/Network/BlockFilterService.swift; sourceTree = SOURCE_ROOT; };
		23BDB1B24B184A1B9E6A52DF /* PLUG/ViewModels/LedgerVM.swift */ = {isa = PBXFileReference; lastKnownFileType = sourcecode.swift; path = PLUG/ViewModels/LedgerVM.swift; sourceTree = SOURCE_ROOT; };
		2585F52F00384540A9ED260B /* PLUG/Core/Bitcoin/PSBTBuilder.swift */ = {isa = PBXFileReference; lastKnownFileType = sourcecode.swift; path = PLUG/Core/Bitcoin/PSBTBuilder.swift; sourceTree = SOURCE_ROOT; };
		2B233F55E61F41E2A2AFF92C /* PLUG/Core/Storage/BiometricStore.swift */ = {isa = PBXFileReference; lastKnownFileType = sourcecode.swift; path = PLUG/Core/Storage/BiometricStore.swift; sourceTree = SOURCE_ROOT; };
		2BFE720EA255476A9E7A6967 /* PLUG/Core/Bitcoin/Crypto.swift */ = {isa = PBXFileReference; lastKnownFileType = sourcecode.swift; path = PLUG/Core/Bitcoin/Crypto.swift; sourceTree = SOURCE_ROOT; };
		2FF9582133F94D54B8EB2C88 /* PLUG/Core/Storage/AddressBook.swift */ = {isa = PBXFileReference; lastKnownFileType = sourcecode.swift; path = PLUG/Core/Storage/AddressBook.swift; sourceTree = SOURCE_ROOT; };
		304B41F658074449BE595E5B /* PLUG/Core/Network/MempoolAPI.swift */ = {isa = PBXFileReference; lastKnownFileType = sourcecode.swift; path = PLUG/Core/Network/MempoolAPI.swift; sourceTree = SOURCE_ROOT; };
		305D7B19CAC343CF91A704E0 /* PLUG/ViewModels/BackupVM.swift */ = {isa = PBXFileReference; lastKnownFileType = sourcecode.swift; path = PLUG/ViewModels/BackupVM.swift; sourceTree = SOURCE_ROOT; };
		31ABECE5C09B45068D526264 /* PLUG/ViewModels/ScriptVM.swift */ = {isa = PBXFileReference; lastKnownFileType = sourcecode.swift; path = PLUG/ViewModels/ScriptVM.swift; sourceTree = SOURCE_ROOT; };
		7A3E9F2B1C8D4E56A0B1C2D3 /* PLUG/Core/BalanceUnit.swift */ = {isa = PBXFileReference; lastKnownFileType = sourcecode.swift; path = PLUG/Core/BalanceUnit.swift; sourceTree = SOURCE_ROOT; };
		33D2076012C748678790F1B3 /* PLUG/Core/Bitcoin/BatchSend.swift */ = {isa = PBXFileReference; lastKnownFileType = sourcecode.swift; path = PLUG/Core/Bitcoin/BatchSend.swift; sourceTree = SOURCE_ROOT; };
		35E1EE9440934813824E6DCC /* PLUG/Core/Bitcoin/MuSig2.swift */ = {isa = PBXFileReference; lastKnownFileType = sourcecode.swift; path = PLUG/Core/Bitcoin/MuSig2.swift; sourceTree = SOURCE_ROOT; };
		37A930D932D44FCD997B2341 /* PLUG/ViewModels/WalletVM.swift */ = {isa = PBXFileReference; lastKnownFileType = sourcecode.swift; path = PLUG/ViewModels/WalletVM.swift; sourceTree = SOURCE_ROOT; };
		3B82807B07804640B0EE0CEA /* PLUG/Core/Storage/ContractStore.swift */ = {isa = PBXFileReference; lastKnownFileType = sourcecode.swift; path = PLUG/Core/Storage/ContractStore.swift; sourceTree = SOURCE_ROOT; };
		3D23BF30901F4A0999486DFB /* PLUG/Views/HTLCView.swift */ = {isa = PBXFileReference; lastKnownFileType = sourcecode.swift; path = PLUG/Views/HTLCView.swift; sourceTree = SOURCE_ROOT; };
		3F611B15984D4BCB9F127B0F /* PLUG/Views/LedgerView.swift */ = {isa = PBXFileReference; lastKnownFileType = sourcecode.swift; path = PLUG/Views/LedgerView.swift; sourceTree = SOURCE_ROOT; };
		40BAB247172247409516A81F /* PLUG/Core/Bitcoin/Miniscript.swift */ = {isa = PBXFileReference; lastKnownFileType = sourcecode.swift; path = PLUG/Core/Bitcoin/Miniscript.swift; sourceTree = SOURCE_ROOT; };
		42A63DBA14DE40A08874D989 /* PLUG/ViewModels/HTLCVM.swift */ = {isa = PBXFileReference; lastKnownFileType = sourcecode.swift; path = PLUG/ViewModels/HTLCVM.swift; sourceTree = SOURCE_ROOT; };
		45F504D3A8F348F9B2F6807E /* PLUG/Views/HomeView.swift */ = {isa = PBXFileReference; lastKnownFileType = sourcecode.swift; path = PLUG/Views/HomeView.swift; sourceTree = SOURCE_ROOT; };
		48A2530B98124DABA6797E31 /* PLUG/Core/Bitcoin/RIPEMD160.swift */ = {isa = PBXFileReference; lastKnownFileType = sourcecode.swift; path = PLUG/Core/Bitcoin/RIPEMD160.swift; sourceTree = SOURCE_ROOT; };
		48A6B14304204432B6064973 /* PLUG/Core/Bitcoin/Bech32.swift */ = {isa = PBXFileReference; lastKnownFileType = sourcecode.swift; path = PLUG/Core/Bitcoin/Bech32.swift; sourceTree = SOURCE_ROOT; };
		51795899F8E24918A9F82E1A /* PLUG/Views/ChannelView.swift */ = {isa = PBXFileReference; lastKnownFileType = sourcecode.swift; path = PLUG/Views/ChannelView.swift; sourceTree = SOURCE_ROOT; };
		688C3AA31D894CC18E1C31D9 /* PLUG/Views/AddressBookView.swift */ = {isa = PBXFileReference; lastKnownFileType = sourcecode.swift; path = PLUG/Views/AddressBookView.swift; sourceTree = SOURCE_ROOT; };
		68FC2A1999E54099BD5E9E75 /* PLUG/Core/Bitcoin/TaprootBuilder.swift */ = {isa = PBXFileReference; lastKnownFileType = sourcecode.swift; path = PLUG/Core/Bitcoin/TaprootBuilder.swift; sourceTree = SOURCE_ROOT; };
		6A64D455F12FF9A2C8FA2497 /* PlugHeader.swift */ = {isa = PBXFileReference; includeInIndex = 1; lastKnownFileType = sourcecode.swift; name = PlugHeader.swift; path = PLUG/Views/PlugHeader.swift; sourceTree = SOURCE_ROOT; };
		6FF7B4BC7F964333865FCE8D /* PLUG/ViewModels/OpReturnVM.swift */ = {isa = PBXFileReference; lastKnownFileType = sourcecode.swift; path = PLUG/ViewModels/OpReturnVM.swift; sourceTree = SOURCE_ROOT; };
		75731786685843199FFC88B3 /* PLUG/Models/Models.swift */ = {isa = PBXFileReference; lastKnownFileType = sourcecode.swift; path = PLUG/Models/Models.swift; sourceTree = SOURCE_ROOT; };
		785505D4169E4E659C5E19E5 /* PLUG/Views/BackupView.swift */ = {isa = PBXFileReference; lastKnownFileType = sourcecode.swift; path = PLUG/Views/BackupView.swift; sourceTree = SOURCE_ROOT; };
		797D5492187443319629F3A1 /* PLUG/Core/Bitcoin/Secp256k1.swift */ = {isa = PBXFileReference; lastKnownFileType = sourcecode.swift; path = PLUG/Core/Bitcoin/Secp256k1.swift; sourceTree = SOURCE_ROOT; };
		7F727AADD71041AB8766F16C /* PLUG/Core/Bitcoin/Crowdfund.swift */ = {isa = PBXFileReference; lastKnownFileType = sourcecode.swift; path = PLUG/Core/Bitcoin/Crowdfund.swift; sourceTree = SOURCE_ROOT; };
		803DC3F17DDC4CFF9EE83329 /* PLUG/Core/Bitcoin/CoinSelection.swift */ = {isa = PBXFileReference; lastKnownFileType = sourcecode.swift; path = PLUG/Core/Bitcoin/CoinSelection.swift; sourceTree = SOURCE_ROOT; };
		81F6A0BBADF64A19ACC177F7 /* PLUG/Core/Ledger/LedgerManager.swift */ = {isa = PBXFileReference; lastKnownFileType = sourcecode.swift; path = PLUG/Core/Ledger/LedgerManager.swift; sourceTree = SOURCE_ROOT; };
		83AC242C744243288CE2FF43 /* PLUG/Core/Bitcoin/SpendManager.swift */ = {isa = PBXFileReference; lastKnownFileType = sourcecode.swift; path = PLUG/Core/Bitcoin/SpendManager.swift; sourceTree = SOURCE_ROOT; };
		87D26F8A2AE4454AA4F9912C /* PLUG/Views/SettingsView.swift */ = {isa = PBXFileReference; lastKnownFileType = sourcecode.swift; path = PLUG/Views/SettingsView.swift; sourceTree = SOURCE_ROOT; };
		8CF20C6E47FF41FB9B126797 /* PLUG/ViewModels/ChannelVM.swift */ = {isa = PBXFileReference; lastKnownFileType = sourcecode.swift; path = PLUG/ViewModels/ChannelVM.swift; sourceTree = SOURCE_ROOT; };
		94035B9D72C74D28AA9EEA08 /* PLUG/Core/Network/WebSocketManager.swift */ = {isa = PBXFileReference; lastKnownFileType = sourcecode.swift; path = PLUG/Core/Network/WebSocketManager.swift; sourceTree = SOURCE_ROOT; };
		9AF2F6D1B9C84EDA908F12B4 /* PLUG/Core/Storage/KeychainStore.swift */ = {isa = PBXFileReference; lastKnownFileType = sourcecode.swift; path = PLUG/Core/Storage/KeychainStore.swift; sourceTree = SOURCE_ROOT; };
		9CB27DF542C646A09821F3A2 /* PLUG/Core/Network/TorConfig.swift */ = {isa = PBXFileReference; lastKnownFileType = sourcecode.swift; path = PLUG/Core/Network/TorConfig.swift; sourceTree = SOURCE_ROOT; };
		A407FE6284EB3CC477B1D716 /* BlockDurationPicker.swift */ = {isa = PBXFileReference; includeInIndex = 1; lastKnownFileType = sourcecode.swift; name = BlockDurationPicker.swift; path = PLUG/Views/BlockDurationPicker.swift; sourceTree = SOURCE_ROOT; };
		A683E7B0DA204321AF79BB83 /* PLUG/Assets/Assets.xcassets */ = {isa = PBXFileReference; lastKnownFileType = folder.assetcatalog; path = PLUG/Assets/Assets.xcassets; sourceTree = SOURCE_ROOT; };
		A9E19A67CE12B403917993E5 /* ContractSigner.swift */ = {isa = PBXFileReference; includeInIndex = 1; lastKnownFileType = sourcecode.swift; name = ContractSigner.swift; path = PLUG/Core/Ledger/ContractSigner.swift; sourceTree = SOURCE_ROOT; };
		B7E4A31D5C9F48E2A1D063F8 /* PLUG/Core/ContractSpendCoordinator.swift */ = {isa = PBXFileReference; lastKnownFileType = sourcecode.swift; path = PLUG/Core/ContractSpendCoordinator.swift; sourceTree = SOURCE_ROOT; };
		BBA8025746014E7899930816 /* PLUG/Core/Ledger/LedgerProtocolV2.swift */ = {isa = PBXFileReference; lastKnownFileType = sourcecode.swift; path = PLUG/Core/Ledger/LedgerProtocolV2.swift; sourceTree = SOURCE_ROOT; };
		BDA078E2B10E406096D58C0F /* PLUG/ViewModels/InheritanceVM.swift */ = {isa = PBXFileReference; lastKnownFileType = sourcecode.swift; path = PLUG/ViewModels/InheritanceVM.swift; sourceTree = SOURCE_ROOT; };
		C0380AE678FAC82C6BFC889D /* ContractCreatedSheet.swift */ = {isa = PBXFileReference; includeInIndex = 1; lastKnownFileType = sourcecode.swift; name = ContractCreatedSheet.swift; path = PLUG/Views/ContractCreatedSheet.swift; sourceTree = SOURCE_ROOT; };
		C0B453F732964C1F80467094 /* PLUG/Core/Storage/TxLabelStore.swift */ = {isa = PBXFileReference; lastKnownFileType = sourcecode.swift; path = PLUG/Core/Storage/TxLabelStore.swift; sourceTree = SOURCE_ROOT; };
		C4238C941CF547CBB5A7B532 /* PLUG/Core/Ledger/LedgerProtocol.swift */ = {isa = PBXFileReference; lastKnownFileType = sourcecode.swift; path = PLUG/Core/Ledger/LedgerProtocol.swift; sourceTree = SOURCE_ROOT; };
		CCFE9E5776564F7A82315693 /* PLUG/ViewModels/HomeVM.swift */ = {isa = PBXFileReference; lastKnownFileType = sourcecode.swift; path = PLUG/ViewModels/HomeVM.swift; sourceTree = SOURCE_ROOT; };
		D0DA97C15BF345878B198C42 /* PLUG/Core/Storage/BroadcastQueue.swift */ = {isa = PBXFileReference; lastKnownFileType = sourcecode.swift; path = PLUG/Core/Storage/BroadcastQueue.swift; sourceTree = SOURCE_ROOT; };
		D1A783BF0EF943799E191B60 /* PLUG/Views/VaultView.swift */ = {isa = PBXFileReference; lastKnownFileType = sourcecode.swift; path = PLUG/Views/VaultView.swift; sourceTree = SOURCE_ROOT; };
		D43439F0925B47D9887979A8 /* PLUG/Views/WalletView.swift */ = {isa = PBXFileReference; lastKnownFileType = sourcecode.swift; path = PLUG/Views/WalletView.swift; sourceTree = SOURCE_ROOT; };
		D4EBADE241CD43C3899BBF2A /* PLUG/Views/OnboardingView.swift */ = {isa = PBXFileReference; lastKnownFileType = sourcecode.swift; path = PLUG/Views/OnboardingView.swift; sourceTree = SOURCE_ROOT; };
		D90C526206F64436A492A1CF /* PLUG/Views/OpReturnView.swift */ = {isa = PBXFileReference; lastKnownFileType = sourcecode.swift; path = PLUG/Views/OpReturnView.swift; sourceTree = SOURCE_ROOT; };
		DB32A89F415A45D68D854856 /* PLUG/Core/Ledger/LedgerSigningV2.swift */ = {isa = PBXFileReference; lastKnownFileType = sourcecode.swift; path = PLUG/Core/Ledger/LedgerSigningV2.swift; sourceTree = SOURCE_ROOT; };
		DFB459EAC1FD4DE5A6ABE280 /* PLUG/ViewModels/PoolVM.swift */ = {isa = PBXFileReference; lastKnownFileType = sourcecode.swift; path = PLUG/ViewModels/PoolVM.swift; sourceTree = SOURCE_ROOT; };
		E04387B9381A48B69FA5213E /* PLUG/ViewModels/VaultVM.swift */ = {isa = PBXFileReference; lastKnownFileType = sourcecode.swift; path = PLUG/ViewModels/VaultVM.swift; sourceTree = SOURCE_ROOT; };
		E2AE3A171EB843FE8CBBB1CE /* PLUG/Core/Bitcoin/FeeBumping.swift */ = {isa = PBXFileReference; lastKnownFileType = sourcecode.swift; path = PLUG/Core/Bitcoin/FeeBumping.swift; sourceTree = SOURCE_ROOT; };
		E59436B3F3FD4201B2146A21 /* PLUG/ViewModels/SettingsVM.swift */ = {isa = PBXFileReference; lastKnownFileType = sourcecode.swift; path = PLUG/ViewModels/SettingsVM.swift; sourceTree = SOURCE_ROOT; };
		EB07BC9029134FCCB6DC44AF /* PLUG/Core/Bitcoin/OpReturn.swift */ = {isa = PBXFileReference; lastKnownFileType = sourcecode.swift; path = PLUG/Core/Bitcoin/OpReturn.swift; sourceTree = SOURCE_ROOT; };
		ED3B65833A0343F8888B9579 /* PLUG.app */ = {isa = PBXFileReference; explicitFileType = wrapper.application; includeInIndex = 0; path = PLUG.app; sourceTree = BUILT_PRODUCTS_DIR; };
		F9105F5B315443E1B2A3D108 /* PLUG/Core/Bitcoin/KeyDerivation.swift */ = {isa = PBXFileReference; lastKnownFileType = sourcecode.swift; path = PLUG/Core/Bitcoin/KeyDerivation.swift; sourceTree = SOURCE_ROOT; };
		FAA9890C5BA44689B59981B5 /* PLUG/PLUGApp.swift */ = {isa = PBXFileReference; lastKnownFileType = sourcecode.swift; path = PLUG/PLUGApp.swift; sourceTree = SOURCE_ROOT; };
		FCA41D42C13747888BF859E3 /* PLUG/Core/Bitcoin/HTLC.swift */ = {isa = PBXFileReference; lastKnownFileType = sourcecode.swift; path = PLUG/Core/Bitcoin/HTLC.swift; sourceTree = SOURCE_ROOT; };
		FEC430D148544643A9A746D5 /* PLUG/Core/Network/NetworkConfig.swift */ = {isa = PBXFileReference; lastKnownFileType = sourcecode.swift; path = PLUG/Core/Network/NetworkConfig.swift; sourceTree = SOURCE_ROOT; };
		2161BE908FAD623D7B9F37A8 /* PLUG/ViewModels/ContractBubbleVM.swift */ = {isa = PBXFileReference; lastKnownFileType = sourcecode.swift; path = PLUG/ViewModels/ContractBubbleVM.swift; sourceTree = SOURCE_ROOT; };
		C142667BE8C9988E7B03E78B /* PLUG/Views/BubbleMapView.swift */ = {isa = PBXFileReference; lastKnownFileType = sourcecode.swift; path = PLUG/Views/BubbleMapView.swift; sourceTree = SOURCE_ROOT; };
		DA057E02BCB612E512E72769 /* AtomicSwap.swift */ = {isa = PBXFileReference; lastKnownFileType = sourcecode.swift; path = PLUG/Core/Bitcoin/AtomicSwap.swift; sourceTree = SOURCE_ROOT; };
		DEF337520C5ADE3F4C8487DF /* AtomicSwapVM.swift */ = {isa = PBXFileReference; lastKnownFileType = sourcecode.swift; path = PLUG/ViewModels/AtomicSwapVM.swift; sourceTree = SOURCE_ROOT; };
		2002476AD56BDC0DFB16C462 /* AtomicSwapView.swift */ = {isa = PBXFileReference; lastKnownFileType = sourcecode.swift; path = PLUG/Views/AtomicSwapView.swift; sourceTree = SOURCE_ROOT; };
		89C612E03CBC58E25E56C315 /* QRScannerView.swift */ = {isa = PBXFileReference; lastKnownFileType = sourcecode.swift; path = PLUG/Views/QRScannerView.swift; sourceTree = SOURCE_ROOT; };
		CEEE822D59C0C5B199FADA4A /* UTXOManagerView.swift */ = {isa = PBXFileReference; lastKnownFileType = sourcecode.swift; path = PLUG/Views/UTXOManagerView.swift; sourceTree = SOURCE_ROOT; };
		86A32D30DB27693279DFD1D1 /* TorManager.swift */ = {isa = PBXFileReference; lastKnownFileType = sourcecode.swift; path = PLUG/Core/Network/TorManager.swift; sourceTree = SOURCE_ROOT; };
		DACBAFB39E7B63F507CB8BFA /* PlugTor.xcframework */ = {isa = PBXFileReference; lastKnownFileType = wrapper.xcframework; path = PlugTor.xcframework; sourceTree = "<group>"; };
/* End PBXFileReference section */

/* Begin PBXFrameworksBuildPhase section */
		121AC1CD444A4AEDAB9DCD6C /* Frameworks */ = {
			isa = PBXFrameworksBuildPhase;
			buildActionMask = 2147483647;
			files = (
				94DD291F5199230F00AC4C13 /* PlugTor.xcframework in Frameworks */,
				9EC569D90B69092C952C32D3 /* libsecp256k1 in Frameworks */,
			);
			runOnlyForDeploymentPostprocessing = 0;
		};
/* End PBXFrameworksBuildPhase section */

/* Begin PBXGroup section */
		36FADF2DB870432C97DD3D1D /* Products */ = {
			isa = PBXGroup;
			children = (
				ED3B65833A0343F8888B9579 /* PLUG.app */,
			);
			name = Products;
			sourceTree = "<group>";
		};
		541D4DBDE26B4A1FAA99EB61 = {
			isa = PBXGroup;
			children = (
				7A3E9F2B1C8D4E56A0B1C2D3 /* PLUG/Core/BalanceUnit.swift */,
				33D2076012C748678790F1B3 /* PLUG/Core/Bitcoin/BatchSend.swift */,
				48A6B14304204432B6064973 /* PLUG/Core/Bitcoin/Bech32.swift */,
				803DC3F17DDC4CFF9EE83329 /* PLUG/Core/Bitcoin/CoinSelection.swift */,
				0596CC81D9A94D0C947597A3 /* PLUG/Core/Bitcoin/Consolidation.swift */,
				7F727AADD71041AB8766F16C /* PLUG/Core/Bitcoin/Crowdfund.swift */,
				2BFE720EA255476A9E7A6967 /* PLUG/Core/Bitcoin/Crypto.swift */,
				E2AE3A171EB843FE8CBBB1CE /* PLUG/Core/Bitcoin/FeeBumping.swift */,
				FCA41D42C13747888BF859E3 /* PLUG/Core/Bitcoin/HTLC.swift */,
				2161BE908FAD623D7B9F37A8 /* PLUG/ViewModels/ContractBubbleVM.swift */,
				C142667BE8C9988E7B03E78B /* PLUG/Views/BubbleMapView.swift */,
				F9105F5B315443E1B2A3D108 /* PLUG/Core/Bitcoin/KeyDerivation.swift */,
				40BAB247172247409516A81F /* PLUG/Core/Bitcoin/Miniscript.swift */,
				35E1EE9440934813824E6DCC /* PLUG/Core/Bitcoin/MuSig2.swift */,
				EB07BC9029134FCCB6DC44AF /* PLUG/Core/Bitcoin/OpReturn.swift */,
				2585F52F00384540A9ED260B /* PLUG/Core/Bitcoin/PSBTBuilder.swift */,
				167C53634494444EAA10CCDE /* PLUG/Core/Bitcoin/PaymentChannel.swift */,
				48A2530B98124DABA6797E31 /* PLUG/Core/Bitcoin/RIPEMD160.swift */,
				129ED9B211F84620A3BD6400 /* PLUG/Core/Bitcoin/ScriptBuilder.swift */,
				797D5492187443319629F3A1 /* PLUG/Core/Bitcoin/Secp256k1.swift */,
				83AC242C744243288CE2FF43 /* PLUG/Core/Bitcoin/SpendManager.swift */,
				68FC2A1999E54099BD5E9E75 /* PLUG/Core/Bitcoin/TaprootBuilder.swift */,
				81F6A0BBADF64A19ACC177F7 /* PLUG/Core/Ledger/LedgerManager.swift */,
				C4238C941CF547CBB5A7B532 /* PLUG/Core/Ledger/LedgerProtocol.swift */,
				BBA8025746014E7899930816 /* PLUG/Core/Ledger/LedgerProtocolV2.swift */,
				DB32A89F415A45D68D854856 /* PLUG/Core/Ledger/LedgerSigningV2.swift */,
				20FBB8C99E144C30837CCBBB /* PLUG/Core/Network/BlockFilterService.swift */,
				304B41F658074449BE595E5B /* PLUG/Core/Network/MempoolAPI.swift */,
				FEC430D148544643A9A746D5 /* PLUG/Core/Network/NetworkConfig.swift */,
				9CB27DF542C646A09821F3A2 /* PLUG/Core/Network/TorConfig.swift */,
				94035B9D72C74D28AA9EEA08 /* PLUG/Core/Network/WebSocketManager.swift */,
				2FF9582133F94D54B8EB2C88 /* PLUG/Core/Storage/AddressBook.swift */,
				1818831F5C3E4F578B779D4A /* PLUG/Core/Storage/BIP329Labels.swift */,
				1C9C5C31F3974738BA667A84 /* PLUG/Core/Storage/BalanceCache.swift */,
				2B233F55E61F41E2A2AFF92C /* PLUG/Core/Storage/BiometricStore.swift */,
				D0DA97C15BF345878B198C42 /* PLUG/Core/Storage/BroadcastQueue.swift */,
				3B82807B07804640B0EE0CEA /* PLUG/Core/Storage/ContractStore.swift */,
				02321F0298FC47929A895DEF /* PLUG/Core/Storage/FrozenUTXOStore.swift */,
				9AF2F6D1B9C84EDA908F12B4 /* PLUG/Core/Storage/KeychainStore.swift */,
				C0B453F732964C1F80467094 /* PLUG/Core/Storage/TxLabelStore.swift */,
				75731786685843199FFC88B3 /* PLUG/Models/Models.swift */,
				FAA9890C5BA44689B59981B5 /* PLUG/PLUGApp.swift */,
				305D7B19CAC343CF91A704E0 /* PLUG/ViewModels/BackupVM.swift */,
				DFB459EAC1FD4DE5A6ABE280 /* PLUG/ViewModels/PoolVM.swift */,
				8CF20C6E47FF41FB9B126797 /* PLUG/ViewModels/ChannelVM.swift */,
				42A63DBA14DE40A08874D989 /* PLUG/ViewModels/HTLCVM.swift */,
				BDA078E2B10E406096D58C0F /* PLUG/ViewModels/InheritanceVM.swift */,
				CCFE9E5776564F7A82315693 /* PLUG/ViewModels/HomeVM.swift */,
				23BDB1B24B184A1B9E6A52DF /* PLUG/ViewModels/LedgerVM.swift */,
				6FF7B4BC7F964333865FCE8D /* PLUG/ViewModels/OpReturnVM.swift */,
				31ABECE5C09B45068D526264 /* PLUG/ViewModels/ScriptVM.swift */,
				E59436B3F3FD4201B2146A21 /* PLUG/ViewModels/SettingsVM.swift */,
				E04387B9381A48B69FA5213E /* PLUG/ViewModels/VaultVM.swift */,
				37A930D932D44FCD997B2341 /* PLUG/ViewModels/WalletVM.swift */,
				688C3AA31D894CC18E1C31D9 /* PLUG/Views/AddressBookView.swift */,
				785505D4169E4E659C5E19E5 /* PLUG/Views/BackupView.swift */,
				1A884B446CE2440CB1907750 /* PLUG/Views/PoolView.swift */,
				LEARN001A0000000000000001 /* PLUG/Views/LearnView.swift */,
				COINJN03A000000000000001 /* PLUG/Views/CoinJoinView.swift */,
				COINJN02A000000000000001 /* PLUG/ViewModels/CoinJoinVM.swift */,
				COINJN01A000000000000001 /* PLUG/Core/Bitcoin/CoinJoin.swift */,
				KEYIDX01A000000000000001 /* PLUG/Views/KeyIndexPicker.swift */,
				51795899F8E24918A9F82E1A /* PLUG/Views/ChannelView.swift */,
				3D23BF30901F4A0999486DFB /* PLUG/Views/HTLCView.swift */,
				076420C949DA47D0AD5D755B /* PLUG/Views/InheritanceView.swift */,
				45F504D3A8F348F9B2F6807E /* PLUG/Views/HomeView.swift */,
				3F611B15984D4BCB9F127B0F /* PLUG/Views/LedgerView.swift */,
				D4EBADE241CD43C3899BBF2A /* PLUG/Views/OnboardingView.swift */,
				D90C526206F64436A492A1CF /* PLUG/Views/OpReturnView.swift */,
				1C400DA3806B4A1083E905D4 /* PLUG/Views/ScriptEditorView.swift */,
				87D26F8A2AE4454AA4F9912C /* PLUG/Views/SettingsView.swift */,
				D1A783BF0EF943799E191B60 /* PLUG/Views/VaultView.swift */,
				D43439F0925B47D9887979A8 /* PLUG/Views/WalletView.swift */,
				A683E7B0DA204321AF79BB83 /* PLUG/Assets/Assets.xcassets */,
				36FADF2DB870432C97DD3D1D /* Products */,
				A407FE6284EB3CC477B1D716 /* BlockDurationPicker.swift */,
				C0380AE678FAC82C6BFC889D /* ContractCreatedSheet.swift */,
				A9E19A67CE12B403917993E5 /* ContractSigner.swift */,
				B7E4A31D5C9F48E2A1D063F8 /* PLUG/Core/ContractSpendCoordinator.swift */,
				6A64D455F12FF9A2C8FA2497 /* PlugHeader.swift */,
			);
			sourceTree = "<group>";
		};
/* End PBXGroup section */

/* Begin PBXNativeTarget section */
		50E07F845A884205B98F7146 /* PLUG */ = {
			isa = PBXNativeTarget;
			buildConfigurationList = 507D515ABD4746E7A41FF3F2 /* Build configuration list for PBXNativeTarget "PLUG" */;
			buildPhases = (
				D3D3BBA8D2A34D29969EA548 /* Sources */,
				121AC1CD444A4AEDAB9DCD6C /* Frameworks */,
				5839DA0987B144748E6F83C5 /* Resources */,
			);
			buildRules = (
			);
			dependencies = (
			);
			name = PLUG;
			packageProductDependencies = (
				338C672623FB6D7C79875C0B /* libsecp256k1 */,
			);
			productName = PLUG;
			productReference = ED3B65833A0343F8888B9579 /* PLUG.app */;
			productType = "com.apple.product-type.application";
		};
/* End PBXNativeTarget section */

/* Begin PBXProject section */
		B2CF6F1B69804794A9548151 /* Project object */ = {
			isa = PBXProject;
			attributes = {
				BuildIndependentTargetsInParallel = 1;
				LastSwiftUpdateCheck = 1500;
				LastUpgradeCheck = 1500;
			};
			buildConfigurationList = AD384B6996C643C58E5F8C3A /* Build configuration list for PBXProject "PLUG" */;
			compatibilityVersion = "Xcode 14.0";
			developmentRegion = en;
			hasScannedForEncodings = 0;
			knownRegions = (
				en,
				Base,
			);
			mainGroup = 541D4DBDE26B4A1FAA99EB61;
			packageReferences = (
				886D862151B8A99E6E8327A7 /* XCRemoteSwiftPackageReference "secp256k1" */,
			);
			productRefGroup = 36FADF2DB870432C97DD3D1D /* Products */;
			projectDirPath = "";
			projectRoot = "";
			targets = (
				50E07F845A884205B98F7146 /* PLUG */,
			);
		};
/* End PBXProject section */

/* Begin PBXResourcesBuildPhase section */
		5839DA0987B144748E6F83C5 /* Resources */ = {
			isa = PBXResourcesBuildPhase;
			buildActionMask = 2147483647;
			files = (
				7DFAFF013F134123951FB562 /* PLUG/Assets/Assets.xcassets in Resources */,
			);
			runOnlyForDeploymentPostprocessing = 0;
		};
/* End PBXResourcesBuildPhase section */

/* Begin PBXSourcesBuildPhase section */
		D3D3BBA8D2A34D29969EA548 /* Sources */ = {
			isa = PBXSourcesBuildPhase;
			buildActionMask = 2147483647;
			files = (
				FE6988A2D35DF5DA0B2FB01C /* TorManager.swift in Sources */,
				401EED307652255B45874971 /* UTXOManagerView.swift in Sources */,
				5317DF9A4DA1D1D00A2741E5 /* QRScannerView.swift in Sources */,
				E6348742CDBDDAC7E6D46C54 /* AtomicSwapView.swift in Sources */,
				5CEDFC818BED984F457715D7 /* AtomicSwapVM.swift in Sources */,
				CC4D1C56B0E1034A36DE1CC1 /* AtomicSwap.swift in Sources */,
				8B4FA03C2D9E5F67B1C2D3E4 /* PLUG/Core/BalanceUnit.swift in Sources */,
				F24911BF850F44F7958E041D /* PLUG/Core/Bitcoin/BatchSend.swift in Sources */,
				4669F37AF23C43A9AEF6B579 /* PLUG/Core/Bitcoin/Bech32.swift in Sources */,
				3B8CD0360F42400C8F43E6EA /* PLUG/Core/Bitcoin/CoinSelection.swift in Sources */,
				33E0E899CFA54702B8C674E7 /* PLUG/Core/Bitcoin/Consolidation.swift in Sources */,
				DC680A159B6D4359B707EE4B /* PLUG/Core/Bitcoin/Crowdfund.swift in Sources */,
				A99297F24B67495290C5EFE0 /* PLUG/Core/Bitcoin/Crypto.swift in Sources */,
				559118ABCCE445299729B3E2 /* PLUG/Core/Bitcoin/FeeBumping.swift in Sources */,
				D2566F52C78845BA9AC520D4 /* PLUG/Core/Bitcoin/HTLC.swift in Sources */,
				862E1EFF48F74F14B0315B0B /* PLUG/Core/Bitcoin/KeyDerivation.swift in Sources */,
				CCF6A9139CE443CF852FD659 /* PLUG/Core/Bitcoin/Miniscript.swift in Sources */,
				2461B4BEC79F4B73AD86B78E /* PLUG/Core/Bitcoin/MuSig2.swift in Sources */,
				CBE7D0DD097744558D5E23CF /* PLUG/Core/Bitcoin/OpReturn.swift in Sources */,
				06C4A226DAE149678E041B80 /* PLUG/Core/Bitcoin/PSBTBuilder.swift in Sources */,
				0717CE1392EB47B5BECB8A31 /* PLUG/Core/Bitcoin/PaymentChannel.swift in Sources */,
				6DF4428FCE594D8191263AC3 /* PLUG/Core/Bitcoin/RIPEMD160.swift in Sources */,
				1DE6C32E3EEE4899BD09EF8E /* PLUG/Core/Bitcoin/ScriptBuilder.swift in Sources */,
				0BDF145A671342398662AFF5 /* PLUG/Core/Bitcoin/Secp256k1.swift in Sources */,
				00CFB42040364F22B48FA7D4 /* PLUG/Core/Bitcoin/SpendManager.swift in Sources */,
				7151EAA2C92B4615B540AB3A /* PLUG/Core/Bitcoin/TaprootBuilder.swift in Sources */,
				7F2011ED88354CA282177BFE /* PLUG/Core/Ledger/LedgerManager.swift in Sources */,
				A87D6DE7D490438E92E4D568 /* PLUG/Core/Ledger/LedgerProtocol.swift in Sources */,
				8241FADBED484B6F929586C7 /* PLUG/Core/Ledger/LedgerProtocolV2.swift in Sources */,
				C90D5BAD68B94EA6B358A327 /* PLUG/Core/Ledger/LedgerSigningV2.swift in Sources */,
				FF2EA09FF4AB4429817ED849 /* PLUG/Core/Network/BlockFilterService.swift in Sources */,
				61CE0A4769824CA9A000E7BB /* PLUG/Core/Network/MempoolAPI.swift in Sources */,
				1BE563E737F2437D98AF0C0E /* PLUG/Core/Network/NetworkConfig.swift in Sources */,
				BAD331A86F5A4FC19AF10D6D /* PLUG/Core/Network/TorConfig.swift in Sources */,
				E442AF81A7F84FA39F17E0E1 /* PLUG/Core/Network/WebSocketManager.swift in Sources */,
				AE8906734E124AE6977254E1 /* PLUG/Core/Storage/AddressBook.swift in Sources */,
				E4D1E371898640F9B5914DA0 /* PLUG/Core/Storage/BIP329Labels.swift in Sources */,
				32855C550DA14DE4B6B290ED /* PLUG/Core/Storage/BalanceCache.swift in Sources */,
				5FF57AFFAFE343C49EA3F70B /* PLUG/Core/Storage/BiometricStore.swift in Sources */,
				94DD5D71A1454D36A507B166 /* PLUG/Core/Storage/BroadcastQueue.swift in Sources */,
				C55C8F633F3547BDA290FCF1 /* PLUG/Core/Storage/ContractStore.swift in Sources */,
				B2B8CA73C1FD41FFB31B09EE /* PLUG/Core/Storage/FrozenUTXOStore.swift in Sources */,
				67A2C0312B2B458C8D4A73D6 /* PLUG/Core/Storage/KeychainStore.swift in Sources */,
				4C7886E31BBA4F9BBCA849BE /* PLUG/Core/Storage/TxLabelStore.swift in Sources */,
				AB8C85327A4941A58A367812 /* PLUG/Models/Models.swift in Sources */,
				DA9C282C94834E7DB86240DA /* PLUG/PLUGApp.swift in Sources */,
				36AE7487263E463CBD1040B7 /* PLUG/ViewModels/BackupVM.swift in Sources */,
				CC3596CA1AB3489391F69134 /* PLUG/ViewModels/PoolVM.swift in Sources */,
				CD15BA073DC340A09F1CD507 /* PLUG/ViewModels/ChannelVM.swift in Sources */,
				020A7B84E10843828A3B1762 /* PLUG/ViewModels/HTLCVM.swift in Sources */,
				0D4845A5D34346A488323ECB /* PLUG/ViewModels/InheritanceVM.swift in Sources */,
				5AEB3232E67243D9A5EE2791 /* PLUG/ViewModels/HomeVM.swift in Sources */,
				93E29DCF1B3C4D3DA88A5D5B /* PLUG/ViewModels/OpReturnVM.swift in Sources */,
				69AF41D335EA4CA1A5EE0F6A /* PLUG/ViewModels/ScriptVM.swift in Sources */,
				4C3CEA6FC45E468BAF48902C /* PLUG/ViewModels/SettingsVM.swift in Sources */,
				379C9F920AB442A5A6C90933 /* PLUG/ViewModels/VaultVM.swift in Sources */,
				3A5C51538AAB478BA541DF82 /* PLUG/ViewModels/WalletVM.swift in Sources */,
				7BD2C6EFF3BD47B094E2F726 /* PLUG/Views/AddressBookView.swift in Sources */,
				D1F5C73B647A4DA6A7220022 /* PLUG/Views/BackupView.swift in Sources */,
				8B7FDF38B0964688BE97A4D3 /* PLUG/Views/PoolView.swift in Sources */,
				LEARN001B0000000000000002 /* PLUG/Views/LearnView.swift in Sources */,
				COINJN03B000000000000002 /* PLUG/Views/CoinJoinView.swift in Sources */,
				COINJN02B000000000000002 /* PLUG/ViewModels/CoinJoinVM.swift in Sources */,
				COINJN01B000000000000002 /* PLUG/Core/Bitcoin/CoinJoin.swift in Sources */,
				LEDGERVM0B000000000000001 /* PLUG/ViewModels/LedgerVM.swift in Sources */,
				KEYIDX01B000000000000002 /* PLUG/Views/KeyIndexPicker.swift in Sources */,
				16F63862FFE4499BA1B6567D /* PLUG/Views/ChannelView.swift in Sources */,
				98F439E5AB71480D8E596A09 /* PLUG/Views/HTLCView.swift in Sources */,
				9265C6221BE14A73A788C1A6 /* PLUG/Views/InheritanceView.swift in Sources */,
				467073F5ED7647BF9368014C /* PLUG/Views/HomeView.swift in Sources */,
				526B750C93204332954F061A /* PLUG/Views/LedgerView.swift in Sources */,
				918B15C8A430427CB0B32032 /* PLUG/Views/OnboardingView.swift in Sources */,
				408A23193D5F4331A17F45C0 /* PLUG/Views/OpReturnView.swift in Sources */,
				5EED7F7DEF67485BAE1CF0FE /* PLUG/Views/ScriptEditorView.swift in Sources */,
				F21F025938B546BEB40DDC12 /* PLUG/Views/SettingsView.swift in Sources */,
				4514BF61BAD7464A9CBDF412 /* PLUG/Views/VaultView.swift in Sources */,
				207C805B24CE4D549D1A69FB /* PLUG/Views/WalletView.swift in Sources */,
				0125621986D82555A44C63DB /* BlockDurationPicker.swift in Sources */,
				3F333E456137E94AAA55253D /* ContractCreatedSheet.swift in Sources */,
				AC388A292D52D40EC6C9D858 /* ContractSigner.swift in Sources */,
				D8F2C6A4E71B43509B8E27A1 /* PLUG/Core/ContractSpendCoordinator.swift in Sources */,
				10FCAF1D894B45216C0D03B5 /* PlugHeader.swift in Sources */,
				D0FF437173F8D0E66EDE3E8B /* PLUG/ViewModels/ContractBubbleVM.swift in Sources */,
				21182FC298E64EE98B5B8C54 /* PLUG/Views/BubbleMapView.swift in Sources */,
			);
			runOnlyForDeploymentPostprocessing = 0;
		};
/* End PBXSourcesBuildPhase section */

/* Begin XCBuildConfiguration section */
		60B8BCF6A7BA4DADB46CF1FD /* Debug */ = {
			isa = XCBuildConfiguration;
			buildSettings = {
				ALWAYS_SEARCH_USER_PATHS = NO;
				CLANG_ANALYZER_NONNULL = YES;
				CLANG_CXX_LANGUAGE_STANDARD = "gnu++20";
				COPY_PHASE_STRIP = NO;
				DEBUG_INFORMATION_FORMAT = dwarf;
				GCC_DYNAMIC_NO_PIC = NO;
				GCC_OPTIMIZATION_LEVEL = 0;
				GCC_PREPROCESSOR_DEFINITIONS = (
					"DEBUG=1",
					"$(inherited)",
				);
				MTL_ENABLE_DEBUG_INFO = INCLUDE_SOURCE;
				ONLY_ACTIVE_ARCH = YES;
				SDKROOT = iphoneos;
				SWIFT_ACTIVE_COMPILATION_CONDITIONS = DEBUG;
				SWIFT_OPTIMIZATION_LEVEL = "-Onone";
			};
			name = Debug;
		};
		878EB73B0AF7471494113ADF /* Debug */ = {
			isa = XCBuildConfiguration;
			buildSettings = {
				ASSETCATALOG_COMPILER_APPICON_NAME = AppIcon;
				ASSETCATALOG_COMPILER_GLOBAL_ACCENT_COLOR_NAME = AccentColor;
				CODE_SIGN_STYLE = Automatic;
				CURRENT_PROJECT_VERSION = 1;
				DEVELOPMENT_TEAM = 4G9VAY9486;
				GENERATE_INFOPLIST_FILE = YES;
				INFOPLIST_FILE = PLUG/Info.plist;
				INFOPLIST_KEY_CFBundleDisplayName = PLUG;
				INFOPLIST_KEY_LSApplicationCategoryType = "public.app-category.finance";
				INFOPLIST_KEY_UIApplicationSceneManifest_Generation = YES;
				INFOPLIST_KEY_UIApplicationSupportsIndirectInputEvents = YES;
				INFOPLIST_KEY_UILaunchScreen_Generation = YES;
				INFOPLIST_KEY_UISupportedInterfaceOrientations_iPad = "UIInterfaceOrientationPortrait UIInterfaceOrientationPortraitUpsideDown UIInterfaceOrientationLandscapeLeft UIInterfaceOrientationLandscapeRight";
				INFOPLIST_KEY_UISupportedInterfaceOrientations_iPhone = UIInterfaceOrientationPortrait;
				IPHONEOS_DEPLOYMENT_TARGET = 16.0;
				LD_RUNPATH_SEARCH_PATHS = (
					"$(inherited)",
					"@executable_path/Frameworks",
				);
				MARKETING_VERSION = 1.0;
				PRODUCT_BUNDLE_IDENTIFIER = com.plug.bitcoin;
				PRODUCT_NAME = "$(TARGET_NAME)";
				SWIFT_EMIT_LOC_STRINGS = YES;
				SWIFT_OBJC_BRIDGING_HEADER = "PLUG/PLUG-Bridging-Header.h";
				SWIFT_VERSION = 5.0;
				HEADER_SEARCH_PATHS = "$(SRCROOT)/plug-tor/include";
				OTHER_LDFLAGS = "-lsqlite3 -lz -framework Security -framework SystemConfiguration";
				TARGETED_DEVICE_FAMILY = "1,2";
			};
			name = Debug;
		};
		C75593777FA74E31A3DF9964 /* Release */ = {
			isa = XCBuildConfiguration;
			buildSettings = {
				ASSETCATALOG_COMPILER_APPICON_NAME = AppIcon;
				ASSETCATALOG_COMPILER_GLOBAL_ACCENT_COLOR_NAME = AccentColor;
				CODE_SIGN_STYLE = Automatic;
				CURRENT_PROJECT_VERSION = 1;
				DEVELOPMENT_TEAM = 4G9VAY9486;
				GENERATE_INFOPLIST_FILE = YES;
				INFOPLIST_FILE = PLUG/Info.plist;
				INFOPLIST_KEY_CFBundleDisplayName = PLUG;
				INFOPLIST_KEY_LSApplicationCategoryType = "public.app-category.finance";
				INFOPLIST_KEY_UIApplicationSceneManifest_Generation = YES;
				INFOPLIST_KEY_UIApplicationSupportsIndirectInputEvents = YES;
				INFOPLIST_KEY_UILaunchScreen_Generation = YES;
				INFOPLIST_KEY_UISupportedInterfaceOrientations_iPad = "UIInterfaceOrientationPortrait UIInterfaceOrientationPortraitUpsideDown UIInterfaceOrientationLandscapeLeft UIInterfaceOrientationLandscapeRight";
				INFOPLIST_KEY_UISupportedInterfaceOrientations_iPhone = UIInterfaceOrientationPortrait;
				IPHONEOS_DEPLOYMENT_TARGET = 16.0;
				LD_RUNPATH_SEARCH_PATHS = (
					"$(inherited)",
					"@executable_path/Frameworks",
				);
				MARKETING_VERSION = 1.0;
				PRODUCT_BUNDLE_IDENTIFIER = com.plug.bitcoin;
				PRODUCT_NAME = "$(TARGET_NAME)";
				SWIFT_EMIT_LOC_STRINGS = YES;
				SWIFT_OBJC_BRIDGING_HEADER = "PLUG/PLUG-Bridging-Header.h";
				SWIFT_VERSION = 5.0;
				HEADER_SEARCH_PATHS = "$(SRCROOT)/plug-tor/include";
				OTHER_LDFLAGS = "-lsqlite3 -lz -framework Security -framework SystemConfiguration";
				TARGETED_DEVICE_FAMILY = "1,2";
			};
			name = Release;
		};
		ECDADCE06DF44F828605A569 /* Release */ = {
			isa = XCBuildConfiguration;
			buildSettings = {
				ALWAYS_SEARCH_USER_PATHS = NO;
				CLANG_ANALYZER_NONNULL = YES;
				CLANG_CXX_LANGUAGE_STANDARD = "gnu++20";
				COPY_PHASE_STRIP = NO;
				DEBUG_INFORMATION_FORMAT = "dwarf-with-dsym";
				GCC_OPTIMIZATION_LEVEL = s;
				MTL_ENABLE_DEBUG_INFO = NO;
				SDKROOT = iphoneos;
				SWIFT_COMPILATION_MODE = wholemodule;
				SWIFT_OPTIMIZATION_LEVEL = "-O";
				VALIDATE_PRODUCT = YES;
			};
			name = Release;
		};
/* End XCBuildConfiguration section */

/* Begin XCConfigurationList section */
		507D515ABD4746E7A41FF3F2 /* Build configuration list for PBXNativeTarget "PLUG" */ = {
			isa = XCConfigurationList;
			buildConfigurations = (
				878EB73B0AF7471494113ADF /* Debug */,
				C75593777FA74E31A3DF9964 /* Release */,
			);
			defaultConfigurationIsVisible = 0;
			defaultConfigurationName = Release;
		};
		AD384B6996C643C58E5F8C3A /* Build configuration list for PBXProject "PLUG" */ = {
			isa = XCConfigurationList;
			buildConfigurations = (
				60B8BCF6A7BA4DADB46CF1FD /* Debug */,
				ECDADCE06DF44F828605A569 /* Release */,
			);
			defaultConfigurationIsVisible = 0;
			defaultConfigurationName = Release;
		};
/* End XCConfigurationList section */

/* Begin XCRemoteSwiftPackageReference section */
		886D862151B8A99E6E8327A7 /* XCRemoteSwiftPackageReference "secp256k1" */ = {
			isa = XCRemoteSwiftPackageReference;
			repositoryURL = "https://github.com/GigaBitcoin/secp256k1.swift";
			requirement = {
				kind = upToNextMajorVersion;
				minimumVersion = 0.22.0;
			};
		};
/* End XCRemoteSwiftPackageReference section */

/* Begin XCSwiftPackageProductDependency section */
		338C672623FB6D7C79875C0B /* libsecp256k1 */ = {
			isa = XCSwiftPackageProductDependency;
			package = 886D862151B8A99E6E8327A7 /* XCRemoteSwiftPackageReference "secp256k1" */;
			productName = libsecp256k1;
		};
/* End XCSwiftPackageProductDependency section */
	};
	rootObject = B2CF6F1B69804794A9548151 /* Project object */;
}
